
Microsoft Visual Studio Solution File, Format Version 12.00
# Visual Studio Version 16
VisualStudioVersion = 16.0.31321.278
MinimumVisualStudioVersion = 10.0.40219.1
Project("{2150E333-8FDC-42A3-9474-1A3956D46DE8}") = "services", "services", "{D1028D50-1F0C-47C6-BD92-CABE1BDCAA55}"
EndProject
Project("{2150E333-8FDC-42A3-9474-1A3956D46DE8}") = "shared", "shared", "{A3714A3F-E585-406E-9F71-851F93077669}"
EndProject
Project("{2150E333-8FDC-42A3-9474-1A3956D46DE8}") = "console", "console", "{A67719E4-FB38-4EB9-94A7-BF62A46628F3}"
EndProject
Project("{FAE04EC0-301F-11D3-BF4B-00C04F79EFBC}") = "CatalogMigrations", "console\CatalogMigrations\CatalogMigrations.csproj", "{E7445AF8-43A1-4F87-B362-809BEE198C90}"
EndProject
Project("{FAE04EC0-301F-11D3-BF4B-00C04F79EFBC}") = "CatalogMigrations.Services", "services\CatalogMigrations.Services\CatalogMigrations.Services.csproj", "{42543411-109D-4102-823A-45344A84A29B}"
EndProject
Project("{FAE04EC0-301F-11D3-BF4B-00C04F79EFBC}") = "CatalogMigrations.Services.Tests", "services\CatalogMigrations.Services.Tests\CatalogMigrations.Services.Tests.csproj", "{1D6FAECF-7A3D-4ABD-959B-14A1208662C1}"
EndProject
Project("{FAE04EC0-301F-11D3-BF4B-00C04F79EFBC}") = "CatalogMigrations.DataModels", "shared\CatalogMigrations.DataModels\CatalogMigrations.DataModels.csproj", "{E3146952-0656-4E12-94C0-C8F0A1F69FF0}"
EndProject
Global
	GlobalSection(SolutionConfigurationPlatforms) = preSolution
		Debug|Any CPU = Debug|Any CPU
		Release|Any CPU = Release|Any CPU
	EndGlobalSection
	GlobalSection(ProjectConfigurationPlatforms) = postSolution
		{E7445AF8-43A1-4F87-B362-809BEE198C90}.Debug|Any CPU.ActiveCfg = Debug|Any CPU
		{E7445AF8-43A1-4F87-B362-809BEE198C90}.Debug|Any CPU.Build.0 = Debug|Any CPU
		{E7445AF8-43A1-4F87-B362-809BEE198C90}.Release|Any CPU.ActiveCfg = Release|Any CPU
		{E7445AF8-43A1-4F87-B362-809BEE198C90}.Release|Any CPU.Build.0 = Release|Any CPU
		{42543411-109D-4102-823A-45344A84A29B}.Debug|Any CPU.ActiveCfg = Debug|Any CPU
		{42543411-109D-4102-823A-45344A84A29B}.Debug|Any CPU.Build.0 = Debug|Any CPU
		{42543411-109D-4102-823A-45344A84A29B}.Release|Any CPU.ActiveCfg = Release|Any CPU
		{42543411-109D-4102-823A-45344A84A29B}.Release|Any CPU.Build.0 = Release|Any CPU
		{1D6FAECF-7A3D-4ABD-959B-14A1208662C1}.Debug|Any CPU.ActiveCfg = Debug|Any CPU
		{1D6FAECF-7A3D-4ABD-959B-14A1208662C1}.Debug|Any CPU.Build.0 = Debug|Any CPU
		{1D6FAECF-7A3D-4ABD-959B-14A1208662C1}.Release|Any CPU.ActiveCfg = Release|Any CPU
		{1D6FAECF-7A3D-4ABD-959B-14A1208662C1}.Release|Any CPU.Build.0 = Release|Any CPU
		{E3146952-0656-4E12-94C0-C8F0A1F69FF0}.Debug|Any CPU.ActiveCfg = Debug|Any CPU
		{E3146952-0656-4E12-94C0-C8F0A1F69FF0}.Debug|Any CPU.Build.0 = Debug|Any CPU
		{E3146952-0656-4E12-94C0-C8F0A1F69FF0}.Release|Any CPU.ActiveCfg = Release|Any CPU
		{E3146952-0656-4E12-94C0-C8F0A1F69FF0}.Release|Any CPU.Build.0 = Release|Any CPU
	EndGlobalSection
	GlobalSection(SolutionProperties) = preSolution
		HideSolutionNode = FALSE
	EndGlobalSection
	GlobalSection(NestedProjects) = preSolution
		{E7445AF8-43A1-4F87-B362-809BEE198C90} = {A67719E4-FB38-4EB9-94A7-BF62A46628F3}
		{42543411-109D-4102-823A-45344A84A29B} = {D1028D50-1F0C-47C6-BD92-CABE1BDCAA55}
		{1D6FAECF-7A3D-4ABD-959B-14A1208662C1} = {D1028D50-1F0C-47C6-BD92-CABE1BDCAA55}
		{E3146952-0656-4E12-94C0-C8F0A1F69FF0} = {A3714A3F-E585-406E-9F71-851F93077669}
	EndGlobalSection
	GlobalSection(ExtensibilityGlobals) = postSolution
		SolutionGuid = {F4B8AEE5-95E8-426B-B771-EFC3D7C095C0}
	EndGlobalSection
EndGlobal
